<?xml version="1.0" encoding="utf-8"?>
<Project ToolsVersion="4.0" xmlns="http://schemas.microsoft.com/developer/msbuild/2003">
  <ItemGroup>
    <Filter Include="Source Files">
      <UniqueIdentifier>{4FC737F1-C7A5-4376-A066-2A32D752A2FF}</UniqueIdentifier>
      <Extensions>cpp;c;cc;cxx;def;odl;idl;hpj;bat;asm;asmx</Extensions>
    </Filter>
    <Filter Include="Header Files">
      <UniqueIdentifier>{93995380-89BD-4b04-88EB-625FBE52EBFB}</UniqueIdentifier>
      <Extensions>h;hpp;hxx;hm;inl;inc;xsd</Extensions>
    </Filter>
    <Filter Include="Resource Files">
      <UniqueIdentifier>{67DA6AB6-F800-4c08-8B7A-83BB121AAD01}</UniqueIdentifier>
      <Extensions>rc;ico;cur;bmp;dlg;rc2;rct;bin;rgs;gif;jpg;jpeg;jpe;resx;tiff;tif;png;wav;mfcribbon-ms</Extensions>
    </Filter>
  </ItemGroup>
  <ItemGroup>
    <ClCompile Include="Code_Files\main.cpp">
      <Filter>Source Files</Filter>
    </ClCompile>
    <ClCompile Include="Code_Files\BgEdge.cpp">
      <Filter>Source Files</Filter>
    </ClCompile>
    <ClCompile Include="Code_Files\BgEdgeDetect.cpp">
      <Filter>Source Files</Filter>
    </ClCompile>
    <ClCompile Include="Code_Files\BgEdgeList.cpp">
      <Filter>Source Files</Filter>
    </ClCompile>
    <ClCompile Include="Code_Files\BgGlobalFc.cpp">
      <Filter>Source Files</Filter>
    </ClCompile>
    <ClCompile Include="Code_Files\BgImage.cpp">
      <Filter>Source Files</Filter>
    </ClCompile>
    <ClCompile Include="Code_Files\ms.cpp">
      <Filter>Source Files</Filter>
    </ClCompile>
    <ClCompile Include="Code_Files\msImageProcessor.cpp">
      <Filter>Source Files</Filter>
    </ClCompile>
    <ClCompile Include="Code_Files\msSys.cpp">
      <Filter>Source Files</Filter>
    </ClCompile>
    <ClCompile Include="Code_Files\msSysPrompt.cpp">
      <Filter>Source Files</Filter>
    </ClCompile>
    <ClCompile Include="Code_Files\RAList.cpp">
      <Filter>Source Files</Filter>
    </ClCompile>
    <ClCompile Include="Code_Files\rlist.cpp">
      <Filter>Source Files</Filter>
    </ClCompile>
  </ItemGroup>
  <ItemGroup>
    <ClInclude Include="Code_Files\BgDefaults.h">
      <Filter>Header Files</Filter>
    </ClInclude>
    <ClInclude Include="Code_Files\BgEdge.h">
      <Filter>Header Files</Filter>
    </ClInclude>
    <ClInclude Include="Code_Files\BgEdgeDetect.h">
      <Filter>Header Files</Filter>
    </ClInclude>
    <ClInclude Include="Code_Files\BgEdgeList.h">
      <Filter>Header Files</Filter>
    </ClInclude>
    <ClInclude Include="Code_Files\BgImage.h">
      <Filter>Header Files</Filter>
    </ClInclude>
    <ClInclude Include="Code_Files\edison_wrapper_mex.h">
      <Filter>Header Files</Filter>
    </ClInclude>
    <ClInclude Include="Code_Files\ms.h">
      <Filter>Header Files</Filter>
    </ClInclude>
    <ClInclude Include="Code_Files\msImageProcessor.h">
      <Filter>Header Files</Filter>
    </ClInclude>
    <ClInclude Include="Code_Files\msSys.h">
      <Filter>Header Files</Filter>
    </ClInclude>
    <ClInclude Include="Code_Files\RAList.h">
      <Filter>Header Files</Filter>
    </ClInclude>
    <ClInclude Include="Code_Files\rlist.h">
      <Filter>Header Files</Filter>
    </ClInclude>
    <ClInclude Include="Code_Files\tdef.h">
      <Filter>Header Files</Filter>
    </ClInclude>
  </ItemGroup>
</Project>